
Microsoft Visual Studio Solution File, Format Version 12.00
# TcXaeShell Solution File, Format Version 11.00
VisualStudioVersion = 17.10.35827.194
MinimumVisualStudioVersion = 10.0.40219.1
Project("{B1E792BE-AA5F-4E3C-8C82-674BF9C0715B}") = "SmartSemiConductorMaterialHandling", "SmartSemiConductorMaterialHandling.tsproj", "{2019E7C7-039A-4560-98FD-21A9EC90A864}"
EndProject
Global
	GlobalSection(SolutionConfigurationPlatforms) = preSolution
		Debug|TwinCAT OS (ARMV7-A) = Debug|TwinCAT OS (ARMV7-A)
		Debug|TwinCAT OS (ARMV7-M) = Debug|TwinCAT OS (ARMV7-M)
		Debug|TwinCAT OS (ARMV8-A) = Debug|TwinCAT OS (ARMV8-A)
		Debug|TwinCAT OS (x64) = Debug|TwinCAT OS (x64)
		Debug|TwinCAT OS (x64-E) = Debug|TwinCAT OS (x64-E)
		Debug|TwinCAT RT (x64) = Debug|TwinCAT RT (x64)
		Debug|TwinCAT RT (x86) = Debug|TwinCAT RT (x86)
		Release|TwinCAT OS (ARMV7-A) = Release|TwinCAT OS (ARMV7-A)
		Release|TwinCAT OS (ARMV7-M) = Release|TwinCAT OS (ARMV7-M)
		Release|TwinCAT OS (ARMV8-A) = Release|TwinCAT OS (ARMV8-A)
		Release|TwinCAT OS (x64) = Release|TwinCAT OS (x64)
		Release|TwinCAT OS (x64-E) = Release|TwinCAT OS (x64-E)
		Release|TwinCAT RT (x64) = Release|TwinCAT RT (x64)
		Release|TwinCAT RT (x86) = Release|TwinCAT RT (x86)
	EndGlobalSection
	GlobalSection(ProjectConfigurationPlatforms) = postSolution
		{2019E7C7-039A-4560-98FD-21A9EC90A864}.Debug|TwinCAT OS (ARMV7-A).ActiveCfg = Debug|TwinCAT OS (ARMV7-A)
		{2019E7C7-039A-4560-98FD-21A9EC90A864}.Debug|TwinCAT OS (ARMV7-A).Build.0 = Debug|TwinCAT OS (ARMV7-A)
		{2019E7C7-039A-4560-98FD-21A9EC90A864}.Debug|TwinCAT OS (ARMV7-M).ActiveCfg = Debug|TwinCAT OS (ARMV7-M)
		{2019E7C7-039A-4560-98FD-21A9EC90A864}.Debug|TwinCAT OS (ARMV7-M).Build.0 = Debug|TwinCAT OS (ARMV7-M)
		{2019E7C7-039A-4560-98FD-21A9EC90A864}.Debug|TwinCAT OS (ARMV8-A).ActiveCfg = Debug|TwinCAT OS (ARMV8-A)
		{2019E7C7-039A-4560-98FD-21A9EC90A864}.Debug|TwinCAT OS (ARMV8-A).Build.0 = Debug|TwinCAT OS (ARMV8-A)
		{2019E7C7-039A-4560-98FD-21A9EC90A864}.Debug|TwinCAT OS (x64).ActiveCfg = Debug|TwinCAT OS (x64)
		{2019E7C7-039A-4560-98FD-21A9EC90A864}.Debug|TwinCAT OS (x64).Build.0 = Debug|TwinCAT OS (x64)
		{2019E7C7-039A-4560-98FD-21A9EC90A864}.Debug|TwinCAT OS (x64-E).ActiveCfg = Debug|TwinCAT OS (x64-E)
		{2019E7C7-039A-4560-98FD-21A9EC90A864}.Debug|TwinCAT OS (x64-E).Build.0 = Debug|TwinCAT OS (x64-E)
		{2019E7C7-039A-4560-98FD-21A9EC90A864}.Debug|TwinCAT RT (x64).ActiveCfg = Debug|TwinCAT RT (x64)
		{2019E7C7-039A-4560-98FD-21A9EC90A864}.Debug|TwinCAT RT (x64).Build.0 = Debug|TwinCAT RT (x64)
		{2019E7C7-039A-4560-98FD-21A9EC90A864}.Debug|TwinCAT RT (x86).ActiveCfg = Debug|TwinCAT RT (x86)
		{2019E7C7-039A-4560-98FD-21A9EC90A864}.Debug|TwinCAT RT (x86).Build.0 = Debug|TwinCAT RT (x86)
		{2019E7C7-039A-4560-98FD-21A9EC90A864}.Release|TwinCAT OS (ARMV7-A).ActiveCfg = Release|TwinCAT OS (ARMV7-A)
		{2019E7C7-039A-4560-98FD-21A9EC90A864}.Release|TwinCAT OS (ARMV7-A).Build.0 = Release|TwinCAT OS (ARMV7-A)
		{2019E7C7-039A-4560-98FD-21A9EC90A864}.Release|TwinCAT OS (ARMV7-M).ActiveCfg = Release|TwinCAT OS (ARMV7-M)
		{2019E7C7-039A-4560-98FD-21A9EC90A864}.Release|TwinCAT OS (ARMV7-M).Build.0 = Release|TwinCAT OS (ARMV7-M)
		{2019E7C7-039A-4560-98FD-21A9EC90A864}.Release|TwinCAT OS (ARMV8-A).ActiveCfg = Release|TwinCAT OS (ARMV8-A)
		{2019E7C7-039A-4560-98FD-21A9EC90A864}.Release|TwinCAT OS (ARMV8-A).Build.0 = Release|TwinCAT OS (ARMV8-A)
		{2019E7C7-039A-4560-98FD-21A9EC90A864}.Release|TwinCAT OS (x64).ActiveCfg = Release|TwinCAT OS (x64)
		{2019E7C7-039A-4560-98FD-21A9EC90A864}.Release|TwinCAT OS (x64).Build.0 = Release|TwinCAT OS (x64)
		{2019E7C7-039A-4560-98FD-21A9EC90A864}.Release|TwinCAT OS (x64-E).ActiveCfg = Release|TwinCAT OS (x64-E)
		{2019E7C7-039A-4560-98FD-21A9EC90A864}.Release|TwinCAT OS (x64-E).Build.0 = Release|TwinCAT OS (x64-E)
		{2019E7C7-039A-4560-98FD-21A9EC90A864}.Release|TwinCAT RT (x64).ActiveCfg = Release|TwinCAT RT (x64)
		{2019E7C7-039A-4560-98FD-21A9EC90A864}.Release|TwinCAT RT (x64).Build.0 = Release|TwinCAT RT (x64)
		{2019E7C7-039A-4560-98FD-21A9EC90A864}.Release|TwinCAT RT (x86).ActiveCfg = Release|TwinCAT RT (x86)
		{2019E7C7-039A-4560-98FD-21A9EC90A864}.Release|TwinCAT RT (x86).Build.0 = Release|TwinCAT RT (x86)
		{7A4684E9-082C-4995-81A8-D873236DABB5}.Debug|TwinCAT OS (ARMV7-A).ActiveCfg = Debug|TwinCAT OS (ARMV7-A)
		{7A4684E9-082C-4995-81A8-D873236DABB5}.Debug|TwinCAT OS (ARMV7-A).Build.0 = Debug|TwinCAT OS (ARMV7-A)
		{7A4684E9-082C-4995-81A8-D873236DABB5}.Debug|TwinCAT OS (ARMV7-M).ActiveCfg = Debug|TwinCAT OS (ARMV7-M)
		{7A4684E9-082C-4995-81A8-D873236DABB5}.Debug|TwinCAT OS (ARMV7-M).Build.0 = Debug|TwinCAT OS (ARMV7-M)
		{7A4684E9-082C-4995-81A8-D873236DABB5}.Debug|TwinCAT OS (ARMV8-A).ActiveCfg = Debug|TwinCAT OS (ARMV8-A)
		{7A4684E9-082C-4995-81A8-D873236DABB5}.Debug|TwinCAT OS (ARMV8-A).Build.0 = Debug|TwinCAT OS (ARMV8-A)
		{7A4684E9-082C-4995-81A8-D873236DABB5}.Debug|TwinCAT OS (x64).ActiveCfg = Debug|TwinCAT OS (x64)
		{7A4684E9-082C-4995-81A8-D873236DABB5}.Debug|TwinCAT OS (x64).Build.0 = Debug|TwinCAT OS (x64)
		{7A4684E9-082C-4995-81A8-D873236DABB5}.Debug|TwinCAT OS (x64-E).ActiveCfg = Debug|TwinCAT OS (x64-E)
		{7A4684E9-082C-4995-81A8-D873236DABB5}.Debug|TwinCAT OS (x64-E).Build.0 = Debug|TwinCAT OS (x64-E)
		{7A4684E9-082C-4995-81A8-D873236DABB5}.Debug|TwinCAT RT (x64).ActiveCfg = Debug|TwinCAT RT (x64)
		{7A4684E9-082C-4995-81A8-D873236DABB5}.Debug|TwinCAT RT (x64).Build.0 = Debug|TwinCAT RT (x64)
		{7A4684E9-082C-4995-81A8-D873236DABB5}.Debug|TwinCAT RT (x86).ActiveCfg = Debug|TwinCAT RT (x86)
		{7A4684E9-082C-4995-81A8-D873236DABB5}.Debug|TwinCAT RT (x86).Build.0 = Debug|TwinCAT RT (x86)
		{7A4684E9-082C-4995-81A8-D873236DABB5}.Release|TwinCAT OS (ARMV7-A).ActiveCfg = Release|TwinCAT OS (ARMV7-A)
		{7A4684E9-082C-4995-81A8-D873236DABB5}.Release|TwinCAT OS (ARMV7-A).Build.0 = Release|TwinCAT OS (ARMV7-A)
		{7A4684E9-082C-4995-81A8-D873236DABB5}.Release|TwinCAT OS (ARMV7-M).ActiveCfg = Release|TwinCAT OS (ARMV7-M)
		{7A4684E9-082C-4995-81A8-D873236DABB5}.Release|TwinCAT OS (ARMV7-M).Build.0 = Release|TwinCAT OS (ARMV7-M)
		{7A4684E9-082C-4995-81A8-D873236DABB5}.Release|TwinCAT OS (ARMV8-A).ActiveCfg = Release|TwinCAT OS (ARMV8-A)
		{7A4684E9-082C-4995-81A8-D873236DABB5}.Release|TwinCAT OS (ARMV8-A).Build.0 = Release|TwinCAT OS (ARMV8-A)
		{7A4684E9-082C-4995-81A8-D873236DABB5}.Release|TwinCAT OS (x64).ActiveCfg = Release|TwinCAT OS (x64)
		{7A4684E9-082C-4995-81A8-D873236DABB5}.Release|TwinCAT OS (x64).Build.0 = Release|TwinCAT OS (x64)
		{7A4684E9-082C-4995-81A8-D873236DABB5}.Release|TwinCAT OS (x64-E).ActiveCfg = Release|TwinCAT OS (x64-E)
		{7A4684E9-082C-4995-81A8-D873236DABB5}.Release|TwinCAT OS (x64-E).Build.0 = Release|TwinCAT OS (x64-E)
		{7A4684E9-082C-4995-81A8-D873236DABB5}.Release|TwinCAT RT (x64).ActiveCfg = Release|TwinCAT RT (x64)
		{7A4684E9-082C-4995-81A8-D873236DABB5}.Release|TwinCAT RT (x64).Build.0 = Release|TwinCAT RT (x64)
		{7A4684E9-082C-4995-81A8-D873236DABB5}.Release|TwinCAT RT (x86).ActiveCfg = Release|TwinCAT RT (x86)
		{7A4684E9-082C-4995-81A8-D873236DABB5}.Release|TwinCAT RT (x86).Build.0 = Release|TwinCAT RT (x86)
	EndGlobalSection
	GlobalSection(SolutionProperties) = preSolution
		HideSolutionNode = FALSE
	EndGlobalSection
	GlobalSection(ExtensibilityGlobals) = postSolution
		SolutionGuid = {4D673A9F-1D3D-440C-A488-2E553CDD719C}
	EndGlobalSection
EndGlobal
